
Microsoft Visual Studio Solution File, Format Version 12.00
# Visual Studio Version 16
VisualStudioVersion = 16.0.29424.173
MinimumVisualStudioVersion = 10.0.40219.1
Project("{FAE04EC0-301F-11D3-BF4B-00C04F79EFBC}") = "BlogEFCoreSample", "BlogEFCoreSample\BlogEFCoreSample.csproj", "{7369A053-CB5A-43CD-9BC3-BFE7CDE9E6E3}"
EndProject
Global
	GlobalSection(SolutionConfigurationPlatforms) = preSolution
		Debug|Any CPU = Debug|Any CPU
		Release|Any CPU = Release|Any CPU
	EndGlobalSection
	GlobalSection(ProjectConfigurationPlatforms) = postSolution
		{7369A053-CB5A-43CD-9BC3-BFE7CDE9E6E3}.Debug|Any CPU.ActiveCfg = Debug|Any CPU
		{7369A053-CB5A-43CD-9BC3-BFE7CDE9E6E3}.Debug|Any CPU.Build.0 = Debug|Any CPU
		{7369A053-CB5A-43CD-9BC3-BFE7CDE9E6E3}.Release|Any CPU.ActiveCfg = Release|Any CPU
		{7369A053-CB5A-43CD-9BC3-BFE7CDE9E6E3}.Release|Any CPU.Build.0 = Release|Any CPU
	EndGlobalSection
	GlobalSection(SolutionProperties) = preSolution
		HideSolutionNode = FALSE
	EndGlobalSection
	GlobalSection(ExtensibilityGlobals) = postSolution
		SolutionGuid = {8D76682B-778C-4C86-8DE8-D7B49E04622F}
	EndGlobalSection
EndGlobal
